
Microsoft Visual Studio Solution File, Format Version 12.00
# Visual Studio Version 16
VisualStudioVersion = 16.0.32126.315
MinimumVisualStudioVersion = 10.0.40219.1
Project("{FAE04EC0-301F-11D3-BF4B-00C04F79EFBC}") = "Lab15", "Lab15\Lab15.csproj", "{A85B3B09-0143-4648-B13D-8F99F3DD393F}"
EndProject
Global
	GlobalSection(SolutionConfigurationPlatforms) = preSolution
		Debug|Any CPU = Debug|Any CPU
		Release|Any CPU = Release|Any CPU
	EndGlobalSection
	GlobalSection(ProjectConfigurationPlatforms) = postSolution
		{A85B3B09-0143-4648-B13D-8F99F3DD393F}.Debug|Any CPU.ActiveCfg = Debug|Any CPU
		{A85B3B09-0143-4648-B13D-8F99F3DD393F}.Debug|Any CPU.Build.0 = Debug|Any CPU
		{A85B3B09-0143-4648-B13D-8F99F3DD393F}.Release|Any CPU.ActiveCfg = Release|Any CPU
		{A85B3B09-0143-4648-B13D-8F99F3DD393F}.Release|Any CPU.Build.0 = Release|Any CPU
	EndGlobalSection
	GlobalSection(SolutionProperties) = preSolution
		HideSolutionNode = FALSE
	EndGlobalSection
	GlobalSection(ExtensibilityGlobals) = postSolution
		SolutionGuid = {6201BB53-E9D9-41F6-9B3C-CD347B19213C}
	EndGlobalSection
EndGlobal
